
Microsoft Visual Studio Solution File, Format Version 12.00
# Visual Studio 15
VisualStudioVersion = 15.0.27703.2018
MinimumVisualStudioVersion = 10.0.40219.1
Project("{2150E333-8FDC-42A3-9474-1A3956D46DE8}") = "Example1", "Example1", "{C1393710-A3B9-4072-B6B5-EF42B14C6983}"
EndProject
Project("{2150E333-8FDC-42A3-9474-1A3956D46DE8}") = "Example2", "Example2", "{68917C8F-A35E-4604-8232-C3F39323FB13}"
EndProject
Project("{2150E333-8FDC-42A3-9474-1A3956D46DE8}") = "Example3", "Example3", "{BF601D7E-CE9C-459B-B5AF-E00523189823}"
EndProject
Project("{9A19103F-16F7-4668-BE54-9A1E7A4F7556}") = "CalculatorLib", "Example1\Sturla.io.Func\CalculatorLib.csproj", "{C2589404-B2E5-4337-8D51-5EB122832159}"
EndProject
Project("{FAE04EC0-301F-11D3-BF4B-00C04F79EFBC}") = "CalculatorConsole", "Example1\Sturla.io.Func.Console\CalculatorConsole.csproj", "{06C8D5F4-4094-4A05-95AC-326709ECBB03}"
EndProject
Project("{FAE04EC0-301F-11D3-BF4B-00C04F79EFBC}") = "ActionConsole", "Example2\Sturla.io.Func.Two.Console\ActionConsole.csproj", "{F588E569-69B6-4125-AB09-AF1852A3CCE7}"
EndProject
Project("{FAE04EC0-301F-11D3-BF4B-00C04F79EFBC}") = "ActionLib", "Example2\Sturla.io.Func.Two.Lib\ActionLib.csproj", "{32E5E764-4CF5-4BC9-84CC-A949EF9BE238}"
EndProject
Project("{2150E333-8FDC-42A3-9474-1A3956D46DE8}") = "Example4", "Example4", "{A21118F7-8260-4D8A-9E50-39EEE2229C05}"
EndProject
Project("{FAE04EC0-301F-11D3-BF4B-00C04F79EFBC}") = "BenchmarkConsole", "Example3\Sturla.io.Func.Three.Console\BenchmarkConsole.csproj", "{55342217-E8C3-4073-87EA-9E741E5EB9D0}"
EndProject
Project("{FAE04EC0-301F-11D3-BF4B-00C04F79EFBC}") = "BenchmarkLib", "Example3\Sturla.io.Func.Three.Lib\BenchmarkLib.csproj", "{09C12EE7-CFA2-42A9-AA7F-38CD74A197CD}"
EndProject
Project("{FAE04EC0-301F-11D3-BF4B-00C04F79EFBC}") = "ErrorHelperConsole", "Example4\Sturla.io.Func.Four.Console\ErrorHelperConsole.csproj", "{CA7E4363-0240-43B3-AB97-50D65ED37F52}"
EndProject
Project("{FAE04EC0-301F-11D3-BF4B-00C04F79EFBC}") = "ErrorHelperLib", "Example4\Sturla.io.Func.Four.Lib\ErrorHelperLib.csproj", "{981F1C73-71F1-4B2E-B1E2-D4DEB8164DF7}"
EndProject
Project("{2150E333-8FDC-42A3-9474-1A3956D46DE8}") = "Example5", "Example5", "{E2B50FEF-6D22-4918-B72E-75F439624640}"
EndProject
Project("{FAE04EC0-301F-11D3-BF4B-00C04F79EFBC}") = "ButtonSetup", "Sturla.io.Func.Five.Console\ButtonSetup.csproj", "{AD9B0BC3-9CA9-4F85-AFCD-8FED5CD09820}"
EndProject
Project("{2150E333-8FDC-42A3-9474-1A3956D46DE8}") = "Example6", "Example6", "{4D3CB978-FE1C-4929-977D-EA367D518F24}"
EndProject
Project("{FAE04EC0-301F-11D3-BF4B-00C04F79EFBC}") = "CachingOfExpensiveMethodCalls", "Sturla.io.Func.Six.Console\CachingOfExpensiveMethodCalls.csproj", "{3B232981-B439-4894-96AD-6B86D0932DCE}"
EndProject
Project("{2150E333-8FDC-42A3-9474-1A3956D46DE8}") = "Example7", "Example7", "{E845A964-AFA3-43BD-A53B-41F752CCBD27}"
EndProject
Project("{FAE04EC0-301F-11D3-BF4B-00C04F79EFBC}") = "SwitchConsole", "Example7\Sturla.io.Func.Seven.Console\SwitchConsole.csproj", "{315D10DE-C914-4D7F-9840-14A2E049B81D}"
EndProject
Global
	GlobalSection(SolutionConfigurationPlatforms) = preSolution
		Debug|Any CPU = Debug|Any CPU
		Release|Any CPU = Release|Any CPU
	EndGlobalSection
	GlobalSection(ProjectConfigurationPlatforms) = postSolution
		{C2589404-B2E5-4337-8D51-5EB122832159}.Debug|Any CPU.ActiveCfg = Debug|Any CPU
		{C2589404-B2E5-4337-8D51-5EB122832159}.Debug|Any CPU.Build.0 = Debug|Any CPU
		{C2589404-B2E5-4337-8D51-5EB122832159}.Release|Any CPU.ActiveCfg = Release|Any CPU
		{C2589404-B2E5-4337-8D51-5EB122832159}.Release|Any CPU.Build.0 = Release|Any CPU
		{06C8D5F4-4094-4A05-95AC-326709ECBB03}.Debug|Any CPU.ActiveCfg = Debug|Any CPU
		{06C8D5F4-4094-4A05-95AC-326709ECBB03}.Debug|Any CPU.Build.0 = Debug|Any CPU
		{06C8D5F4-4094-4A05-95AC-326709ECBB03}.Release|Any CPU.ActiveCfg = Release|Any CPU
		{06C8D5F4-4094-4A05-95AC-326709ECBB03}.Release|Any CPU.Build.0 = Release|Any CPU
		{F588E569-69B6-4125-AB09-AF1852A3CCE7}.Debug|Any CPU.ActiveCfg = Debug|Any CPU
		{F588E569-69B6-4125-AB09-AF1852A3CCE7}.Debug|Any CPU.Build.0 = Debug|Any CPU
		{F588E569-69B6-4125-AB09-AF1852A3CCE7}.Release|Any CPU.ActiveCfg = Release|Any CPU
		{F588E569-69B6-4125-AB09-AF1852A3CCE7}.Release|Any CPU.Build.0 = Release|Any CPU
		{32E5E764-4CF5-4BC9-84CC-A949EF9BE238}.Debug|Any CPU.ActiveCfg = Debug|Any CPU
		{32E5E764-4CF5-4BC9-84CC-A949EF9BE238}.Debug|Any CPU.Build.0 = Debug|Any CPU
		{32E5E764-4CF5-4BC9-84CC-A949EF9BE238}.Release|Any CPU.ActiveCfg = Release|Any CPU
		{32E5E764-4CF5-4BC9-84CC-A949EF9BE238}.Release|Any CPU.Build.0 = Release|Any CPU
		{55342217-E8C3-4073-87EA-9E741E5EB9D0}.Debug|Any CPU.ActiveCfg = Debug|Any CPU
		{55342217-E8C3-4073-87EA-9E741E5EB9D0}.Debug|Any CPU.Build.0 = Debug|Any CPU
		{55342217-E8C3-4073-87EA-9E741E5EB9D0}.Release|Any CPU.ActiveCfg = Release|Any CPU
		{55342217-E8C3-4073-87EA-9E741E5EB9D0}.Release|Any CPU.Build.0 = Release|Any CPU
		{09C12EE7-CFA2-42A9-AA7F-38CD74A197CD}.Debug|Any CPU.ActiveCfg = Debug|Any CPU
		{09C12EE7-CFA2-42A9-AA7F-38CD74A197CD}.Debug|Any CPU.Build.0 = Debug|Any CPU
		{09C12EE7-CFA2-42A9-AA7F-38CD74A197CD}.Release|Any CPU.ActiveCfg = Release|Any CPU
		{09C12EE7-CFA2-42A9-AA7F-38CD74A197CD}.Release|Any CPU.Build.0 = Release|Any CPU
		{CA7E4363-0240-43B3-AB97-50D65ED37F52}.Debug|Any CPU.ActiveCfg = Debug|Any CPU
		{CA7E4363-0240-43B3-AB97-50D65ED37F52}.Debug|Any CPU.Build.0 = Debug|Any CPU
		{CA7E4363-0240-43B3-AB97-50D65ED37F52}.Release|Any CPU.ActiveCfg = Release|Any CPU
		{CA7E4363-0240-43B3-AB97-50D65ED37F52}.Release|Any CPU.Build.0 = Release|Any CPU
		{981F1C73-71F1-4B2E-B1E2-D4DEB8164DF7}.Debug|Any CPU.ActiveCfg = Debug|Any CPU
		{981F1C73-71F1-4B2E-B1E2-D4DEB8164DF7}.Debug|Any CPU.Build.0 = Debug|Any CPU
		{981F1C73-71F1-4B2E-B1E2-D4DEB8164DF7}.Release|Any CPU.ActiveCfg = Release|Any CPU
		{981F1C73-71F1-4B2E-B1E2-D4DEB8164DF7}.Release|Any CPU.Build.0 = Release|Any CPU
		{AD9B0BC3-9CA9-4F85-AFCD-8FED5CD09820}.Debug|Any CPU.ActiveCfg = Debug|Any CPU
		{AD9B0BC3-9CA9-4F85-AFCD-8FED5CD09820}.Debug|Any CPU.Build.0 = Debug|Any CPU
		{AD9B0BC3-9CA9-4F85-AFCD-8FED5CD09820}.Release|Any CPU.ActiveCfg = Release|Any CPU
		{AD9B0BC3-9CA9-4F85-AFCD-8FED5CD09820}.Release|Any CPU.Build.0 = Release|Any CPU
		{3B232981-B439-4894-96AD-6B86D0932DCE}.Debug|Any CPU.ActiveCfg = Debug|Any CPU
		{3B232981-B439-4894-96AD-6B86D0932DCE}.Debug|Any CPU.Build.0 = Debug|Any CPU
		{3B232981-B439-4894-96AD-6B86D0932DCE}.Release|Any CPU.ActiveCfg = Release|Any CPU
		{3B232981-B439-4894-96AD-6B86D0932DCE}.Release|Any CPU.Build.0 = Release|Any CPU
		{315D10DE-C914-4D7F-9840-14A2E049B81D}.Debug|Any CPU.ActiveCfg = Debug|Any CPU
		{315D10DE-C914-4D7F-9840-14A2E049B81D}.Debug|Any CPU.Build.0 = Debug|Any CPU
		{315D10DE-C914-4D7F-9840-14A2E049B81D}.Release|Any CPU.ActiveCfg = Release|Any CPU
		{315D10DE-C914-4D7F-9840-14A2E049B81D}.Release|Any CPU.Build.0 = Release|Any CPU
	EndGlobalSection
	GlobalSection(SolutionProperties) = preSolution
		HideSolutionNode = FALSE
	EndGlobalSection
	GlobalSection(NestedProjects) = preSolution
		{C2589404-B2E5-4337-8D51-5EB122832159} = {C1393710-A3B9-4072-B6B5-EF42B14C6983}
		{06C8D5F4-4094-4A05-95AC-326709ECBB03} = {C1393710-A3B9-4072-B6B5-EF42B14C6983}
		{F588E569-69B6-4125-AB09-AF1852A3CCE7} = {68917C8F-A35E-4604-8232-C3F39323FB13}
		{32E5E764-4CF5-4BC9-84CC-A949EF9BE238} = {68917C8F-A35E-4604-8232-C3F39323FB13}
		{55342217-E8C3-4073-87EA-9E741E5EB9D0} = {BF601D7E-CE9C-459B-B5AF-E00523189823}
		{09C12EE7-CFA2-42A9-AA7F-38CD74A197CD} = {BF601D7E-CE9C-459B-B5AF-E00523189823}
		{CA7E4363-0240-43B3-AB97-50D65ED37F52} = {A21118F7-8260-4D8A-9E50-39EEE2229C05}
		{981F1C73-71F1-4B2E-B1E2-D4DEB8164DF7} = {A21118F7-8260-4D8A-9E50-39EEE2229C05}
		{AD9B0BC3-9CA9-4F85-AFCD-8FED5CD09820} = {E2B50FEF-6D22-4918-B72E-75F439624640}
		{3B232981-B439-4894-96AD-6B86D0932DCE} = {4D3CB978-FE1C-4929-977D-EA367D518F24}
		{315D10DE-C914-4D7F-9840-14A2E049B81D} = {E845A964-AFA3-43BD-A53B-41F752CCBD27}
	EndGlobalSection
	GlobalSection(ExtensibilityGlobals) = postSolution
		SolutionGuid = {6C4200F2-EE6D-452B-A140-1A87B230CDEB}
	EndGlobalSection
EndGlobal
