
Microsoft Visual Studio Solution File, Format Version 12.00
# Visual Studio Version 16
VisualStudioVersion = 16.0.28803.452
MinimumVisualStudioVersion = 10.0.40219.1
Project("{2150E333-8FDC-42A3-9474-1A3956D46DE8}") = "CalcFuncExample", "CalcFuncExample", "{C1393710-A3B9-4072-B6B5-EF42B14C6983}"
EndProject
Project("{2150E333-8FDC-42A3-9474-1A3956D46DE8}") = "CalcActionExample", "CalcActionExample", "{68917C8F-A35E-4604-8232-C3F39323FB13}"
EndProject
Project("{2150E333-8FDC-42A3-9474-1A3956D46DE8}") = "BenchmarkExample", "BenchmarkExample", "{BF601D7E-CE9C-459B-B5AF-E00523189823}"
EndProject
Project("{2150E333-8FDC-42A3-9474-1A3956D46DE8}") = "ExpensiveMethodCallsCaching", "ExpensiveMethodCallsCaching", "{A21118F7-8260-4D8A-9E50-39EEE2229C05}"
EndProject
Project("{2150E333-8FDC-42A3-9474-1A3956D46DE8}") = "ButtonSetupExample", "ButtonSetupExample", "{E2B50FEF-6D22-4918-B72E-75F439624640}"
EndProject
Project("{2150E333-8FDC-42A3-9474-1A3956D46DE8}") = "SwitchExample", "SwitchExample", "{4D3CB978-FE1C-4929-977D-EA367D518F24}"
EndProject
Project("{2150E333-8FDC-42A3-9474-1A3956D46DE8}") = "ExceptionHelperExample", "ExceptionHelperExample", "{E845A964-AFA3-43BD-A53B-41F752CCBD27}"
EndProject
Project("{FAE04EC0-301F-11D3-BF4B-00C04F79EFBC}") = "BenchmarkConsole", "BenchmarkExample\Benchmark.Console\BenchmarkConsole.csproj", "{55342217-E8C3-4073-87EA-9E741E5EB9D0}"
EndProject
Project("{FAE04EC0-301F-11D3-BF4B-00C04F79EFBC}") = "BenchmarkLib", "BenchmarkExample\Benchmark.Lib\BenchmarkLib.csproj", "{09C12EE7-CFA2-42A9-AA7F-38CD74A197CD}"
EndProject
Project("{9A19103F-16F7-4668-BE54-9A1E7A4F7556}") = "BenchmarkLibTests", "BenchmarkExample\BenchmarkLibTests\BenchmarkLibTests.csproj", "{27783D80-6CED-4A47-BC5B-ECF39C5BF6FC}"
EndProject
Project("{FAE04EC0-301F-11D3-BF4B-00C04F79EFBC}") = "ButtonSetup", "ButtonExample\ButtonSetup.Console\ButtonSetup.csproj", "{AD9B0BC3-9CA9-4F85-AFCD-8FED5CD09820}"
EndProject
Project("{9A19103F-16F7-4668-BE54-9A1E7A4F7556}") = "ButtonSetupTests", "ButtonExample\ButtonSetupTests\ButtonSetupTests.csproj", "{81595495-2272-4157-A8C9-D9B1D3458BE2}"
EndProject
Project("{FAE04EC0-301F-11D3-BF4B-00C04F79EFBC}") = "CalculatorActionConsole", "CalcActionExample\CalculatorAction.Console\CalculatorActionConsole.csproj", "{F588E569-69B6-4125-AB09-AF1852A3CCE7}"
EndProject
Project("{FAE04EC0-301F-11D3-BF4B-00C04F79EFBC}") = "CalculatorActionLib", "CalcActionExample\CalculatorActionLib\CalculatorActionLib.csproj", "{32E5E764-4CF5-4BC9-84CC-A949EF9BE238}"
EndProject
Project("{9A19103F-16F7-4668-BE54-9A1E7A4F7556}") = "CalculatorActionLibTests", "CalcActionExample\CalculatorActionLibTest\CalculatorActionLibTests.csproj", "{4E09B4C2-7058-4803-B202-4A83C85B2F16}"
EndProject
Project("{9A19103F-16F7-4668-BE54-9A1E7A4F7556}") = "CalculatorFuncLib", "CalcFuncExample\CalculatorFunc\CalculatorFuncLib.csproj", "{A46B98F1-2F44-4A68-A530-C108406F2CE3}"
EndProject
Project("{FAE04EC0-301F-11D3-BF4B-00C04F79EFBC}") = "CalculatorFuncConsole", "CalcFuncExample\CalculatorFunc.Console\CalculatorFuncConsole.csproj", "{06C8D5F4-4094-4A05-95AC-326709ECBB03}"
EndProject
Project("{9A19103F-16F7-4668-BE54-9A1E7A4F7556}") = "CalculatorFuncLibTests", "CalcFuncExample\CalculatorFuncLibTest\CalculatorFuncLibTests.csproj", "{55120B35-F281-4C54-A565-AA37852A7243}"
EndProject
Project("{FAE04EC0-301F-11D3-BF4B-00C04F79EFBC}") = "ErrorHelperConsole", "ExcpetionHelperExample\ErrorHelper.Console\ErrorHelperConsole.csproj", "{CA7E4363-0240-43B3-AB97-50D65ED37F52}"
EndProject
Project("{FAE04EC0-301F-11D3-BF4B-00C04F79EFBC}") = "ErrorHelperLib", "ExcpetionHelperExample\ErrorHelper.Lib\ErrorHelperLib.csproj", "{981F1C73-71F1-4B2E-B1E2-D4DEB8164DF7}"
EndProject
Project("{9A19103F-16F7-4668-BE54-9A1E7A4F7556}") = "ErrorHelperLibTests", "ExcpetionHelperExample\ErrorHelperLibTests\ErrorHelperLibTests.csproj", "{4B627C17-35FF-41FD-AC2A-75313C4B3FB7}"
EndProject
Project("{FAE04EC0-301F-11D3-BF4B-00C04F79EFBC}") = "CachingOfExpensiveMethodCalls", "ExpensiveMethodCallsCaching\CachingOfExpensiveMethodCalls.Console\CachingOfExpensiveMethodCalls.csproj", "{3B232981-B439-4894-96AD-6B86D0932DCE}"
EndProject
Project("{9A19103F-16F7-4668-BE54-9A1E7A4F7556}") = "CachingOfExpensiveMethodCallsTests", "ExpensiveMethodCallsCaching\CachingOfExpensiveMethodCallsTests\CachingOfExpensiveMethodCallsTests.csproj", "{4BF6E8BF-0BBD-414D-AF94-3D2404CE3201}"
EndProject
Project("{FAE04EC0-301F-11D3-BF4B-00C04F79EFBC}") = "SwitchConsole", "SwitchExample\Switch.Console\SwitchConsole.csproj", "{315D10DE-C914-4D7F-9840-14A2E049B81D}"
EndProject
Project("{9A19103F-16F7-4668-BE54-9A1E7A4F7556}") = "SwitchTests", "SwitchExample\SwitchTests\SwitchTests.csproj", "{AB247A23-A0D2-43C1-AEC8-44254639057B}"
EndProject
Project("{2150E333-8FDC-42A3-9474-1A3956D46DE8}") = "SimpleFuncExample", "SimpleFuncExample", "{365E1F08-5453-446F-9AD8-0503DC028918}"
EndProject
Project("{FAE04EC0-301F-11D3-BF4B-00C04F79EFBC}") = "SimpleFuncLib", "SimpleFuncExample\SimpleFunc\SimpleFuncLib.csproj", "{00F92B7E-F0C5-446F-BBEE-487DE504F781}"
EndProject
Project("{FAE04EC0-301F-11D3-BF4B-00C04F79EFBC}") = "SimpleFuncTests", "SimpleFuncExample\SimpleFuncTests\SimpleFuncTests.csproj", "{487CFBE4-0095-46B1-A7BE-C2EDB08BCE03}"
EndProject
Project("{FAE04EC0-301F-11D3-BF4B-00C04F79EFBC}") = "SimpleFuncConsole", "SimpleFuncExample\SimpleFuncConsole\SimpleFuncConsole.csproj", "{FC59D635-19B7-4A4C-A2B6-47CF5F15CD1C}"
EndProject
Global
	GlobalSection(SolutionConfigurationPlatforms) = preSolution
		Debug|Any CPU = Debug|Any CPU
		Release|Any CPU = Release|Any CPU
	EndGlobalSection
	GlobalSection(ProjectConfigurationPlatforms) = postSolution
		{55342217-E8C3-4073-87EA-9E741E5EB9D0}.Debug|Any CPU.ActiveCfg = Debug|Any CPU
		{55342217-E8C3-4073-87EA-9E741E5EB9D0}.Debug|Any CPU.Build.0 = Debug|Any CPU
		{55342217-E8C3-4073-87EA-9E741E5EB9D0}.Release|Any CPU.ActiveCfg = Release|Any CPU
		{55342217-E8C3-4073-87EA-9E741E5EB9D0}.Release|Any CPU.Build.0 = Release|Any CPU
		{09C12EE7-CFA2-42A9-AA7F-38CD74A197CD}.Debug|Any CPU.ActiveCfg = Debug|Any CPU
		{09C12EE7-CFA2-42A9-AA7F-38CD74A197CD}.Debug|Any CPU.Build.0 = Debug|Any CPU
		{09C12EE7-CFA2-42A9-AA7F-38CD74A197CD}.Release|Any CPU.ActiveCfg = Release|Any CPU
		{09C12EE7-CFA2-42A9-AA7F-38CD74A197CD}.Release|Any CPU.Build.0 = Release|Any CPU
		{27783D80-6CED-4A47-BC5B-ECF39C5BF6FC}.Debug|Any CPU.ActiveCfg = Debug|Any CPU
		{27783D80-6CED-4A47-BC5B-ECF39C5BF6FC}.Debug|Any CPU.Build.0 = Debug|Any CPU
		{27783D80-6CED-4A47-BC5B-ECF39C5BF6FC}.Release|Any CPU.ActiveCfg = Release|Any CPU
		{27783D80-6CED-4A47-BC5B-ECF39C5BF6FC}.Release|Any CPU.Build.0 = Release|Any CPU
		{AD9B0BC3-9CA9-4F85-AFCD-8FED5CD09820}.Debug|Any CPU.ActiveCfg = Debug|Any CPU
		{AD9B0BC3-9CA9-4F85-AFCD-8FED5CD09820}.Debug|Any CPU.Build.0 = Debug|Any CPU
		{AD9B0BC3-9CA9-4F85-AFCD-8FED5CD09820}.Release|Any CPU.ActiveCfg = Release|Any CPU
		{AD9B0BC3-9CA9-4F85-AFCD-8FED5CD09820}.Release|Any CPU.Build.0 = Release|Any CPU
		{81595495-2272-4157-A8C9-D9B1D3458BE2}.Debug|Any CPU.ActiveCfg = Debug|Any CPU
		{81595495-2272-4157-A8C9-D9B1D3458BE2}.Debug|Any CPU.Build.0 = Debug|Any CPU
		{81595495-2272-4157-A8C9-D9B1D3458BE2}.Release|Any CPU.ActiveCfg = Release|Any CPU
		{81595495-2272-4157-A8C9-D9B1D3458BE2}.Release|Any CPU.Build.0 = Release|Any CPU
		{F588E569-69B6-4125-AB09-AF1852A3CCE7}.Debug|Any CPU.ActiveCfg = Debug|Any CPU
		{F588E569-69B6-4125-AB09-AF1852A3CCE7}.Debug|Any CPU.Build.0 = Debug|Any CPU
		{F588E569-69B6-4125-AB09-AF1852A3CCE7}.Release|Any CPU.ActiveCfg = Release|Any CPU
		{F588E569-69B6-4125-AB09-AF1852A3CCE7}.Release|Any CPU.Build.0 = Release|Any CPU
		{32E5E764-4CF5-4BC9-84CC-A949EF9BE238}.Debug|Any CPU.ActiveCfg = Debug|Any CPU
		{32E5E764-4CF5-4BC9-84CC-A949EF9BE238}.Debug|Any CPU.Build.0 = Debug|Any CPU
		{32E5E764-4CF5-4BC9-84CC-A949EF9BE238}.Release|Any CPU.ActiveCfg = Release|Any CPU
		{32E5E764-4CF5-4BC9-84CC-A949EF9BE238}.Release|Any CPU.Build.0 = Release|Any CPU
		{4E09B4C2-7058-4803-B202-4A83C85B2F16}.Debug|Any CPU.ActiveCfg = Debug|Any CPU
		{4E09B4C2-7058-4803-B202-4A83C85B2F16}.Debug|Any CPU.Build.0 = Debug|Any CPU
		{4E09B4C2-7058-4803-B202-4A83C85B2F16}.Release|Any CPU.ActiveCfg = Release|Any CPU
		{4E09B4C2-7058-4803-B202-4A83C85B2F16}.Release|Any CPU.Build.0 = Release|Any CPU
		{A46B98F1-2F44-4A68-A530-C108406F2CE3}.Debug|Any CPU.ActiveCfg = Debug|Any CPU
		{A46B98F1-2F44-4A68-A530-C108406F2CE3}.Debug|Any CPU.Build.0 = Debug|Any CPU
		{A46B98F1-2F44-4A68-A530-C108406F2CE3}.Release|Any CPU.ActiveCfg = Release|Any CPU
		{A46B98F1-2F44-4A68-A530-C108406F2CE3}.Release|Any CPU.Build.0 = Release|Any CPU
		{06C8D5F4-4094-4A05-95AC-326709ECBB03}.Debug|Any CPU.ActiveCfg = Debug|Any CPU
		{06C8D5F4-4094-4A05-95AC-326709ECBB03}.Debug|Any CPU.Build.0 = Debug|Any CPU
		{06C8D5F4-4094-4A05-95AC-326709ECBB03}.Release|Any CPU.ActiveCfg = Release|Any CPU
		{06C8D5F4-4094-4A05-95AC-326709ECBB03}.Release|Any CPU.Build.0 = Release|Any CPU
		{55120B35-F281-4C54-A565-AA37852A7243}.Debug|Any CPU.ActiveCfg = Debug|Any CPU
		{55120B35-F281-4C54-A565-AA37852A7243}.Debug|Any CPU.Build.0 = Debug|Any CPU
		{55120B35-F281-4C54-A565-AA37852A7243}.Release|Any CPU.ActiveCfg = Release|Any CPU
		{55120B35-F281-4C54-A565-AA37852A7243}.Release|Any CPU.Build.0 = Release|Any CPU
		{CA7E4363-0240-43B3-AB97-50D65ED37F52}.Debug|Any CPU.ActiveCfg = Debug|Any CPU
		{CA7E4363-0240-43B3-AB97-50D65ED37F52}.Debug|Any CPU.Build.0 = Debug|Any CPU
		{CA7E4363-0240-43B3-AB97-50D65ED37F52}.Release|Any CPU.ActiveCfg = Release|Any CPU
		{CA7E4363-0240-43B3-AB97-50D65ED37F52}.Release|Any CPU.Build.0 = Release|Any CPU
		{981F1C73-71F1-4B2E-B1E2-D4DEB8164DF7}.Debug|Any CPU.ActiveCfg = Debug|Any CPU
		{981F1C73-71F1-4B2E-B1E2-D4DEB8164DF7}.Debug|Any CPU.Build.0 = Debug|Any CPU
		{981F1C73-71F1-4B2E-B1E2-D4DEB8164DF7}.Release|Any CPU.ActiveCfg = Release|Any CPU
		{981F1C73-71F1-4B2E-B1E2-D4DEB8164DF7}.Release|Any CPU.Build.0 = Release|Any CPU
		{4B627C17-35FF-41FD-AC2A-75313C4B3FB7}.Debug|Any CPU.ActiveCfg = Debug|Any CPU
		{4B627C17-35FF-41FD-AC2A-75313C4B3FB7}.Debug|Any CPU.Build.0 = Debug|Any CPU
		{4B627C17-35FF-41FD-AC2A-75313C4B3FB7}.Release|Any CPU.ActiveCfg = Release|Any CPU
		{4B627C17-35FF-41FD-AC2A-75313C4B3FB7}.Release|Any CPU.Build.0 = Release|Any CPU
		{3B232981-B439-4894-96AD-6B86D0932DCE}.Debug|Any CPU.ActiveCfg = Debug|Any CPU
		{3B232981-B439-4894-96AD-6B86D0932DCE}.Debug|Any CPU.Build.0 = Debug|Any CPU
		{3B232981-B439-4894-96AD-6B86D0932DCE}.Release|Any CPU.ActiveCfg = Release|Any CPU
		{3B232981-B439-4894-96AD-6B86D0932DCE}.Release|Any CPU.Build.0 = Release|Any CPU
		{4BF6E8BF-0BBD-414D-AF94-3D2404CE3201}.Debug|Any CPU.ActiveCfg = Debug|Any CPU
		{4BF6E8BF-0BBD-414D-AF94-3D2404CE3201}.Debug|Any CPU.Build.0 = Debug|Any CPU
		{4BF6E8BF-0BBD-414D-AF94-3D2404CE3201}.Release|Any CPU.ActiveCfg = Release|Any CPU
		{4BF6E8BF-0BBD-414D-AF94-3D2404CE3201}.Release|Any CPU.Build.0 = Release|Any CPU
		{315D10DE-C914-4D7F-9840-14A2E049B81D}.Debug|Any CPU.ActiveCfg = Debug|Any CPU
		{315D10DE-C914-4D7F-9840-14A2E049B81D}.Debug|Any CPU.Build.0 = Debug|Any CPU
		{315D10DE-C914-4D7F-9840-14A2E049B81D}.Release|Any CPU.ActiveCfg = Release|Any CPU
		{315D10DE-C914-4D7F-9840-14A2E049B81D}.Release|Any CPU.Build.0 = Release|Any CPU
		{AB247A23-A0D2-43C1-AEC8-44254639057B}.Debug|Any CPU.ActiveCfg = Debug|Any CPU
		{AB247A23-A0D2-43C1-AEC8-44254639057B}.Debug|Any CPU.Build.0 = Debug|Any CPU
		{AB247A23-A0D2-43C1-AEC8-44254639057B}.Release|Any CPU.ActiveCfg = Release|Any CPU
		{AB247A23-A0D2-43C1-AEC8-44254639057B}.Release|Any CPU.Build.0 = Release|Any CPU
		{00F92B7E-F0C5-446F-BBEE-487DE504F781}.Debug|Any CPU.ActiveCfg = Debug|Any CPU
		{00F92B7E-F0C5-446F-BBEE-487DE504F781}.Debug|Any CPU.Build.0 = Debug|Any CPU
		{00F92B7E-F0C5-446F-BBEE-487DE504F781}.Release|Any CPU.ActiveCfg = Release|Any CPU
		{00F92B7E-F0C5-446F-BBEE-487DE504F781}.Release|Any CPU.Build.0 = Release|Any CPU
		{487CFBE4-0095-46B1-A7BE-C2EDB08BCE03}.Debug|Any CPU.ActiveCfg = Debug|Any CPU
		{487CFBE4-0095-46B1-A7BE-C2EDB08BCE03}.Debug|Any CPU.Build.0 = Debug|Any CPU
		{487CFBE4-0095-46B1-A7BE-C2EDB08BCE03}.Release|Any CPU.ActiveCfg = Release|Any CPU
		{487CFBE4-0095-46B1-A7BE-C2EDB08BCE03}.Release|Any CPU.Build.0 = Release|Any CPU
		{FC59D635-19B7-4A4C-A2B6-47CF5F15CD1C}.Debug|Any CPU.ActiveCfg = Debug|Any CPU
		{FC59D635-19B7-4A4C-A2B6-47CF5F15CD1C}.Debug|Any CPU.Build.0 = Debug|Any CPU
		{FC59D635-19B7-4A4C-A2B6-47CF5F15CD1C}.Release|Any CPU.ActiveCfg = Release|Any CPU
		{FC59D635-19B7-4A4C-A2B6-47CF5F15CD1C}.Release|Any CPU.Build.0 = Release|Any CPU
	EndGlobalSection
	GlobalSection(SolutionProperties) = preSolution
		HideSolutionNode = FALSE
	EndGlobalSection
	GlobalSection(NestedProjects) = preSolution
		{55342217-E8C3-4073-87EA-9E741E5EB9D0} = {BF601D7E-CE9C-459B-B5AF-E00523189823}
		{09C12EE7-CFA2-42A9-AA7F-38CD74A197CD} = {BF601D7E-CE9C-459B-B5AF-E00523189823}
		{27783D80-6CED-4A47-BC5B-ECF39C5BF6FC} = {BF601D7E-CE9C-459B-B5AF-E00523189823}
		{AD9B0BC3-9CA9-4F85-AFCD-8FED5CD09820} = {E2B50FEF-6D22-4918-B72E-75F439624640}
		{81595495-2272-4157-A8C9-D9B1D3458BE2} = {E2B50FEF-6D22-4918-B72E-75F439624640}
		{F588E569-69B6-4125-AB09-AF1852A3CCE7} = {68917C8F-A35E-4604-8232-C3F39323FB13}
		{32E5E764-4CF5-4BC9-84CC-A949EF9BE238} = {68917C8F-A35E-4604-8232-C3F39323FB13}
		{4E09B4C2-7058-4803-B202-4A83C85B2F16} = {68917C8F-A35E-4604-8232-C3F39323FB13}
		{A46B98F1-2F44-4A68-A530-C108406F2CE3} = {C1393710-A3B9-4072-B6B5-EF42B14C6983}
		{06C8D5F4-4094-4A05-95AC-326709ECBB03} = {C1393710-A3B9-4072-B6B5-EF42B14C6983}
		{55120B35-F281-4C54-A565-AA37852A7243} = {C1393710-A3B9-4072-B6B5-EF42B14C6983}
		{CA7E4363-0240-43B3-AB97-50D65ED37F52} = {E845A964-AFA3-43BD-A53B-41F752CCBD27}
		{981F1C73-71F1-4B2E-B1E2-D4DEB8164DF7} = {E845A964-AFA3-43BD-A53B-41F752CCBD27}
		{4B627C17-35FF-41FD-AC2A-75313C4B3FB7} = {E845A964-AFA3-43BD-A53B-41F752CCBD27}
		{3B232981-B439-4894-96AD-6B86D0932DCE} = {A21118F7-8260-4D8A-9E50-39EEE2229C05}
		{4BF6E8BF-0BBD-414D-AF94-3D2404CE3201} = {A21118F7-8260-4D8A-9E50-39EEE2229C05}
		{315D10DE-C914-4D7F-9840-14A2E049B81D} = {4D3CB978-FE1C-4929-977D-EA367D518F24}
		{AB247A23-A0D2-43C1-AEC8-44254639057B} = {4D3CB978-FE1C-4929-977D-EA367D518F24}
		{00F92B7E-F0C5-446F-BBEE-487DE504F781} = {365E1F08-5453-446F-9AD8-0503DC028918}
		{487CFBE4-0095-46B1-A7BE-C2EDB08BCE03} = {365E1F08-5453-446F-9AD8-0503DC028918}
		{FC59D635-19B7-4A4C-A2B6-47CF5F15CD1C} = {365E1F08-5453-446F-9AD8-0503DC028918}
	EndGlobalSection
	GlobalSection(ExtensibilityGlobals) = postSolution
		SolutionGuid = {6C4200F2-EE6D-452B-A140-1A87B230CDEB}
	EndGlobalSection
EndGlobal
